
Microsoft Visual Studio Solution File, Format Version 12.00
# Visual Studio Version 16
VisualStudioVersion = 16.0.31005.135
MinimumVisualStudioVersion = 10.0.40219.1
Project("{FAE04EC0-301F-11D3-BF4B-00C04F79EFBC}") = "CalculatorLib", "CalculatorLib\CalculatorLib.csproj", "{2171B20F-5D37-4FF9-9770-9BAF73B661C1}"
EndProject
Project("{FAE04EC0-301F-11D3-BF4B-00C04F79EFBC}") = "CalculatorLibTest", "CalculatorLibTest\CalculatorLibTest.csproj", "{F5BE30A9-E172-4778-AA29-0FE066FC2665}"
EndProject
Global
	GlobalSection(SolutionConfigurationPlatforms) = preSolution
		Debug|Any CPU = Debug|Any CPU
		Release|Any CPU = Release|Any CPU
	EndGlobalSection
	GlobalSection(ProjectConfigurationPlatforms) = postSolution
		{2171B20F-5D37-4FF9-9770-9BAF73B661C1}.Debug|Any CPU.ActiveCfg = Debug|Any CPU
		{2171B20F-5D37-4FF9-9770-9BAF73B661C1}.Debug|Any CPU.Build.0 = Debug|Any CPU
		{2171B20F-5D37-4FF9-9770-9BAF73B661C1}.Release|Any CPU.ActiveCfg = Release|Any CPU
		{2171B20F-5D37-4FF9-9770-9BAF73B661C1}.Release|Any CPU.Build.0 = Release|Any CPU
		{F5BE30A9-E172-4778-AA29-0FE066FC2665}.Debug|Any CPU.ActiveCfg = Debug|Any CPU
		{F5BE30A9-E172-4778-AA29-0FE066FC2665}.Debug|Any CPU.Build.0 = Debug|Any CPU
		{F5BE30A9-E172-4778-AA29-0FE066FC2665}.Release|Any CPU.ActiveCfg = Release|Any CPU
		{F5BE30A9-E172-4778-AA29-0FE066FC2665}.Release|Any CPU.Build.0 = Release|Any CPU
	EndGlobalSection
	GlobalSection(SolutionProperties) = preSolution
		HideSolutionNode = FALSE
	EndGlobalSection
	GlobalSection(ExtensibilityGlobals) = postSolution
		SolutionGuid = {F628F9F6-CA22-4BDD-9BAF-75C38231095F}
	EndGlobalSection
EndGlobal
