
Microsoft Visual Studio Solution File, Format Version 12.00
# Visual Studio Version 16
VisualStudioVersion = 16.0.31205.134
MinimumVisualStudioVersion = 10.0.40219.1
Project("{9A19103F-16F7-4668-BE54-9A1E7A4F7556}") = "WeatherForecastWeb", "FinalProject\WeatherForecastWeb.csproj", "{A2652F04-52EE-4576-BC0E-4898D82F3C43}"
EndProject
Global
	GlobalSection(SolutionConfigurationPlatforms) = preSolution
		Debug|Any CPU = Debug|Any CPU
		Release|Any CPU = Release|Any CPU
	EndGlobalSection
	GlobalSection(ProjectConfigurationPlatforms) = postSolution
		{A2652F04-52EE-4576-BC0E-4898D82F3C43}.Debug|Any CPU.ActiveCfg = Debug|Any CPU
		{A2652F04-52EE-4576-BC0E-4898D82F3C43}.Debug|Any CPU.Build.0 = Debug|Any CPU
		{A2652F04-52EE-4576-BC0E-4898D82F3C43}.Release|Any CPU.ActiveCfg = Release|Any CPU
		{A2652F04-52EE-4576-BC0E-4898D82F3C43}.Release|Any CPU.Build.0 = Release|Any CPU
	EndGlobalSection
	GlobalSection(SolutionProperties) = preSolution
		HideSolutionNode = FALSE
	EndGlobalSection
	GlobalSection(ExtensibilityGlobals) = postSolution
		SolutionGuid = {68E15EC5-CE2D-4149-BC0D-FD1D5AA50D3F}
	EndGlobalSection
EndGlobal
